
Microsoft Visual Studio Solution File, Format Version 12.00
# Visual Studio Version 17
VisualStudioVersion = 17.9.34728.123
MinimumVisualStudioVersion = 10.0.40219.1
Project("{FAE04EC0-301F-11D3-BF4B-00C04F79EFBC}") = "BPMN_POC_App", "BPMN_POC_App.csproj", "{8097FB2A-8452-490A-9467-06380AA791FE}"
EndProject
Global
	GlobalSection(SolutionConfigurationPlatforms) = preSolution
		Debug|Any CPU = Debug|Any CPU
		Release|Any CPU = Release|Any CPU
	EndGlobalSection
	GlobalSection(ProjectConfigurationPlatforms) = postSolution
		{8097FB2A-8452-490A-9467-06380AA791FE}.Debug|Any CPU.ActiveCfg = Debug|Any CPU
		{8097FB2A-8452-490A-9467-06380AA791FE}.Debug|Any CPU.Build.0 = Debug|Any CPU
		{8097FB2A-8452-490A-9467-06380AA791FE}.Release|Any CPU.ActiveCfg = Release|Any CPU
		{8097FB2A-8452-490A-9467-06380AA791FE}.Release|Any CPU.Build.0 = Release|Any CPU
	EndGlobalSection
	GlobalSection(SolutionProperties) = preSolution
		HideSolutionNode = FALSE
	EndGlobalSection
	GlobalSection(ExtensibilityGlobals) = postSolution
		SolutionGuid = {98F13E77-53C8-437B-90BA-8A0CA9D15099}
	EndGlobalSection
EndGlobal
